<?xml version="1.0" encoding="utf-8"?>
<Project ToolsVersion="4.0" xmlns="http://schemas.microsoft.com/developer/msbuild/2003">
  <ItemGroup>
    <Filter Include="ソース ファイル">
      <UniqueIdentifier>{4FC737F1-C7A5-4376-A066-2A32D752A2FF}</UniqueIdentifier>
      <Extensions>cpp;c;cc;cxx;def;odl;idl;hpj;bat;asm;asmx</Extensions>
    </Filter>
    <Filter Include="ヘッダー ファイル">
      <UniqueIdentifier>{93995380-89BD-4b04-88EB-625FBE52EBFB}</UniqueIdentifier>
      <Extensions>h;hh;hpp;hxx;hm;inl;inc;xsd</Extensions>
    </Filter>
    <Filter Include="リソース ファイル">
      <UniqueIdentifier>{67DA6AB6-F800-4c08-8B7A-83BB121AAD01}</UniqueIdentifier>
      <Extensions>rc;ico;cur;bmp;dlg;rc2;rct;bin;rgs;gif;jpg;jpeg;jpe;resx;tiff;tif;png;wav;mfcribbon-ms</Extensions>
    </Filter>
    <Filter Include="ソース ファイル\プレイヤー関連">
      <UniqueIdentifier>{c3ee1f25-b466-49ff-9968-f59cca9299ac}</UniqueIdentifier>
    </Filter>
    <Filter Include="ソース ファイル\弾">
      <UniqueIdentifier>{8f5da208-63c6-4713-b745-b103544857c7}</UniqueIdentifier>
    </Filter>
    <Filter Include="ソース ファイル\入力">
      <UniqueIdentifier>{87bb7ad5-3aa6-425f-b760-9287a939ed14}</UniqueIdentifier>
    </Filter>
    <Filter Include="ソース ファイル\描画関連">
      <UniqueIdentifier>{cb2f5633-b652-44b7-be38-6a06544c85f5}</UniqueIdentifier>
    </Filter>
    <Filter Include="ソース ファイル\敵">
      <UniqueIdentifier>{ea308d92-03fc-461e-8d4a-04c209fab495}</UniqueIdentifier>
    </Filter>
    <Filter Include="ソース ファイル\ゲーム関連">
      <UniqueIdentifier>{160fc6d2-748b-4f5a-89ed-6aaa3a03bfa7}</UniqueIdentifier>
    </Filter>
    <Filter Include="ソース ファイル\アイテム">
      <UniqueIdentifier>{62cde868-63e5-4eb1-ab96-01126a0b6556}</UniqueIdentifier>
    </Filter>
    <Filter Include="ソース ファイル\表現">
      <UniqueIdentifier>{1f41885b-c201-401e-a898-c2192b941a19}</UniqueIdentifier>
    </Filter>
    <Filter Include="ソース ファイル\リソース">
      <UniqueIdentifier>{f1a4b923-e894-4034-8fe6-7809cd746509}</UniqueIdentifier>
    </Filter>
    <Filter Include="ソース ファイル\各画面">
      <UniqueIdentifier>{dc32ab6e-d1e6-4325-b0ea-dc7ee7289590}</UniqueIdentifier>
    </Filter>
    <Filter Include="ソース ファイル\結果">
      <UniqueIdentifier>{c59ad33d-915b-4e24-ace7-d75c941379ac}</UniqueIdentifier>
    </Filter>
    <Filter Include="ソース ファイル\タイトル">
      <UniqueIdentifier>{9d11307a-0509-4746-b26d-c95b08fdaa0d}</UniqueIdentifier>
    </Filter>
    <Filter Include="ソース ファイル\共通">
      <UniqueIdentifier>{aabded1e-85fc-4267-bea0-6a941dae2594}</UniqueIdentifier>
    </Filter>
  </ItemGroup>
  <ItemGroup>
    <ClCompile Include="application.cpp">
      <Filter>ソース ファイル</Filter>
    </ClCompile>
    <ClCompile Include="main.cpp">
      <Filter>ソース ファイル</Filter>
    </ClCompile>
    <ClCompile Include="player.cpp">
      <Filter>ソース ファイル\プレイヤー関連</Filter>
    </ClCompile>
    <ClCompile Include="bullet.cpp">
      <Filter>ソース ファイル\弾</Filter>
    </ClCompile>
    <ClCompile Include="InputKeyboard.cpp">
      <Filter>ソース ファイル\入力</Filter>
    </ClCompile>
    <ClCompile Include="Joypad.cpp">
      <Filter>ソース ファイル\入力</Filter>
    </ClCompile>
    <ClCompile Include="object.cpp">
      <Filter>ソース ファイル\描画関連</Filter>
    </ClCompile>
    <ClCompile Include="object2D.cpp">
      <Filter>ソース ファイル\描画関連</Filter>
    </ClCompile>
    <ClCompile Include="renderer.cpp">
      <Filter>ソース ファイル\描画関連</Filter>
    </ClCompile>
    <ClCompile Include="enemy.cpp">
      <Filter>ソース ファイル\敵</Filter>
    </ClCompile>
    <ClCompile Include="enemyRabbit.cpp">
      <Filter>ソース ファイル\敵</Filter>
    </ClCompile>
    <ClCompile Include="life.cpp">
      <Filter>ソース ファイル\プレイヤー関連</Filter>
    </ClCompile>
    <ClCompile Include="item.cpp">
      <Filter>ソース ファイル\アイテム</Filter>
    </ClCompile>
    <ClCompile Include="itemBom.cpp">
      <Filter>ソース ファイル\アイテム</Filter>
    </ClCompile>
    <ClCompile Include="itemObstacle.cpp">
      <Filter>ソース ファイル\アイテム</Filter>
    </ClCompile>
    <ClCompile Include="effect.cpp">
      <Filter>ソース ファイル\表現</Filter>
    </ClCompile>
    <ClCompile Include="particle.cpp">
      <Filter>ソース ファイル\表現</Filter>
    </ClCompile>
    <ClCompile Include="wall.cpp">
      <Filter>ソース ファイル\ゲーム関連</Filter>
    </ClCompile>
    <ClCompile Include="texture.cpp">
      <Filter>ソース ファイル\リソース</Filter>
    </ClCompile>
    <ClCompile Include="ResourceManager.cpp">
      <Filter>ソース ファイル\リソース</Filter>
    </ClCompile>
    <ClCompile Include="VirtualController.cpp">
      <Filter>ソース ファイル\入力</Filter>
    </ClCompile>
    <ClCompile Include="skill.cpp">
      <Filter>ソース ファイル\プレイヤー関連</Filter>
    </ClCompile>
    <ClCompile Include="game.cpp">
      <Filter>ソース ファイル\各画面</Filter>
    </ClCompile>
    <ClCompile Include="result.cpp">
      <Filter>ソース ファイル\各画面</Filter>
    </ClCompile>
    <ClCompile Include="tutorial.cpp">
      <Filter>ソース ファイル\各画面</Filter>
    </ClCompile>
    <ClCompile Include="time.cpp">
      <Filter>ソース ファイル\ゲーム関連</Filter>
    </ClCompile>
    <ClCompile Include="sound.cpp">
      <Filter>ソース ファイル\リソース</Filter>
    </ClCompile>
    <ClCompile Include="enemyDeath.cpp">
      <Filter>ソース ファイル\敵</Filter>
    </ClCompile>
    <ClCompile Include="enemyManager.cpp">
      <Filter>ソース ファイル\敵</Filter>
    </ClCompile>
    <ClCompile Include="itemManager.cpp">
      <Filter>ソース ファイル\アイテム</Filter>
    </ClCompile>
    <ClCompile Include="enemyCircle.cpp">
      <Filter>ソース ファイル\敵</Filter>
    </ClCompile>
    <ClCompile Include="enemyStar.cpp">
      <Filter>ソース ファイル\敵</Filter>
    </ClCompile>
    <ClCompile Include="enemyCat.cpp">
      <Filter>ソース ファイル\敵</Filter>
    </ClCompile>
    <ClCompile Include="enemyDog.cpp">
      <Filter>ソース ファイル\敵</Filter>
    </ClCompile>
    <ClCompile Include="witchResults.cpp">
      <Filter>ソース ファイル\結果</Filter>
    </ClCompile>
    <ClCompile Include="scene.cpp">
      <Filter>ソース ファイル\各画面</Filter>
    </ClCompile>
    <ClCompile Include="title.cpp">
      <Filter>ソース ファイル\タイトル</Filter>
    </ClCompile>
    <ClCompile Include="menu.cpp">
      <Filter>ソース ファイル\タイトル</Filter>
    </ClCompile>
    <ClCompile Include="fade.cpp">
      <Filter>ソース ファイル\共通</Filter>
    </ClCompile>
    <ClCompile Include="bg.cpp">
      <Filter>ソース ファイル\共通</Filter>
    </ClCompile>
    <ClCompile Include="enemyBoss.cpp">
      <Filter>ソース ファイル\敵</Filter>
    </ClCompile>
  </ItemGroup>
  <ItemGroup>
    <ClInclude Include="player.h">
      <Filter>ソース ファイル\プレイヤー関連</Filter>
    </ClInclude>
    <ClInclude Include="bullet.h">
      <Filter>ソース ファイル\弾</Filter>
    </ClInclude>
    <ClInclude Include="Joypad.h">
      <Filter>ソース ファイル\入力</Filter>
    </ClInclude>
    <ClInclude Include="InputKeyboard.h">
      <Filter>ソース ファイル\入力</Filter>
    </ClInclude>
    <ClInclude Include="object2D.h">
      <Filter>ソース ファイル\描画関連</Filter>
    </ClInclude>
    <ClInclude Include="object.h">
      <Filter>ソース ファイル\描画関連</Filter>
    </ClInclude>
    <ClInclude Include="renderer.h">
      <Filter>ソース ファイル\描画関連</Filter>
    </ClInclude>
    <ClInclude Include="application.h">
      <Filter>ソース ファイル</Filter>
    </ClInclude>
    <ClInclude Include="main.h">
      <Filter>ソース ファイル</Filter>
    </ClInclude>
    <ClInclude Include="enemy.h">
      <Filter>ソース ファイル\敵</Filter>
    </ClInclude>
    <ClInclude Include="enemyRabbit.h">
      <Filter>ソース ファイル\敵</Filter>
    </ClInclude>
    <ClInclude Include="life.h">
      <Filter>ソース ファイル\プレイヤー関連</Filter>
    </ClInclude>
    <ClInclude Include="item.h">
      <Filter>ソース ファイル\アイテム</Filter>
    </ClInclude>
    <ClInclude Include="itemBom.h">
      <Filter>ソース ファイル\アイテム</Filter>
    </ClInclude>
    <ClInclude Include="itemObstacle.h">
      <Filter>ソース ファイル\アイテム</Filter>
    </ClInclude>
    <ClInclude Include="effect.h">
      <Filter>ソース ファイル\表現</Filter>
    </ClInclude>
    <ClInclude Include="particle.h">
      <Filter>ソース ファイル\表現</Filter>
    </ClInclude>
    <ClInclude Include="wall.h">
      <Filter>ソース ファイル\ゲーム関連</Filter>
    </ClInclude>
    <ClInclude Include="texture.h">
      <Filter>ソース ファイル\リソース</Filter>
    </ClInclude>
    <ClInclude Include="ResourceManager.h">
      <Filter>ソース ファイル\リソース</Filter>
    </ClInclude>
    <ClInclude Include="VirtualController.h">
      <Filter>ソース ファイル\入力</Filter>
    </ClInclude>
    <ClInclude Include="skill.h">
      <Filter>ソース ファイル\プレイヤー関連</Filter>
    </ClInclude>
    <ClInclude Include="game.h">
      <Filter>ソース ファイル\各画面</Filter>
    </ClInclude>
    <ClInclude Include="result.h">
      <Filter>ソース ファイル\各画面</Filter>
    </ClInclude>
    <ClInclude Include="tutorial.h">
      <Filter>ソース ファイル\各画面</Filter>
    </ClInclude>
    <ClInclude Include="time.h">
      <Filter>ソース ファイル\ゲーム関連</Filter>
    </ClInclude>
    <ClInclude Include="sound.h">
      <Filter>ソース ファイル\リソース</Filter>
    </ClInclude>
    <ClInclude Include="enemyDeath.h">
      <Filter>ソース ファイル\敵</Filter>
    </ClInclude>
    <ClInclude Include="enemyManager.h">
      <Filter>ソース ファイル\敵</Filter>
    </ClInclude>
    <ClInclude Include="itemManager.h">
      <Filter>ソース ファイル\アイテム</Filter>
    </ClInclude>
    <ClInclude Include="enemyCircle.h">
      <Filter>ソース ファイル\敵</Filter>
    </ClInclude>
    <ClInclude Include="enemyStar.h">
      <Filter>ソース ファイル\敵</Filter>
    </ClInclude>
    <ClInclude Include="enemyCat.h">
      <Filter>ソース ファイル\敵</Filter>
    </ClInclude>
    <ClInclude Include="enemyDog.h">
      <Filter>ソース ファイル\敵</Filter>
    </ClInclude>
    <ClInclude Include="witchResults.h">
      <Filter>ソース ファイル\結果</Filter>
    </ClInclude>
    <ClInclude Include="scene.h">
      <Filter>ソース ファイル\各画面</Filter>
    </ClInclude>
    <ClInclude Include="title.h">
      <Filter>ソース ファイル\タイトル</Filter>
    </ClInclude>
    <ClInclude Include="menu.h">
      <Filter>ソース ファイル\タイトル</Filter>
    </ClInclude>
    <ClInclude Include="fade.h">
      <Filter>ソース ファイル\共通</Filter>
    </ClInclude>
    <ClInclude Include="common.h">
      <Filter>ソース ファイル\共通</Filter>
    </ClInclude>
    <ClInclude Include="bg.h">
      <Filter>ソース ファイル\共通</Filter>
    </ClInclude>
    <ClInclude Include="enemyBoss.h">
      <Filter>ソース ファイル\敵</Filter>
    </ClInclude>
    <ClInclude Include="TextureFileName.h">
      <Filter>ソース ファイル\共通</Filter>
    </ClInclude>
  </ItemGroup>
</Project>